// !$*UTF8*$!
{
	archiveVersion = 1;
	classes = {
	};
	objectVersion = 50;
	objects = {

/* Begin PBXBuildFile section */
		909B06FF24930061006AC7ED /* AppDelegate.swift in Sources */ = {isa = PBXBuildFile; fileRef = 909B06FE24930061006AC7ED /* AppDelegate.swift */; };
		909B070124930061006AC7ED /* GameScene.sks in Resources */ = {isa = PBXBuildFile; fileRef = 909B070024930061006AC7ED /* GameScene.sks */; };
		909B070324930061006AC7ED /* Actions.sks in Resources */ = {isa = PBXBuildFile; fileRef = 909B070224930061006AC7ED /* Actions.sks */; };
		909B070524930061006AC7ED /* GameScene.swift in Sources */ = {isa = PBXBuildFile; fileRef = 909B070424930061006AC7ED /* GameScene.swift */; };
		909B070724930061006AC7ED /* ViewController.swift in Sources */ = {isa = PBXBuildFile; fileRef = 909B070624930061006AC7ED /* ViewController.swift */; };
		909B070924930069006AC7ED /* Assets.xcassets in Resources */ = {isa = PBXBuildFile; fileRef = 909B070824930069006AC7ED /* Assets.xcassets */; };
		909B070C24930069006AC7ED /* Main.storyboard in Resources */ = {isa = PBXBuildFile; fileRef = 909B070A24930069006AC7ED /* Main.storyboard */; };
		909B07182493006A006AC7ED /* CheckersTests.swift in Sources */ = {isa = PBXBuildFile; fileRef = 909B07172493006A006AC7ED /* CheckersTests.swift */; };
		909B07232493006A006AC7ED /* CheckersUITests.swift in Sources */ = {isa = PBXBuildFile; fileRef = 909B07222493006A006AC7ED /* CheckersUITests.swift */; };
/* End PBXBuildFile section */

/* Begin PBXContainerItemProxy section */
		909B07142493006A006AC7ED /* PBXContainerItemProxy */ = {
			isa = PBXContainerItemProxy;
			containerPortal = 909B06F324930061006AC7ED /* Project object */;
			proxyType = 1;
			remoteGlobalIDString = 909B06FA24930061006AC7ED;
			remoteInfo = Checkers;
		};
		909B071F2493006A006AC7ED /* PBXContainerItemProxy */ = {
			isa = PBXContainerItemProxy;
			containerPortal = 909B06F324930061006AC7ED /* Project object */;
			proxyType = 1;
			remoteGlobalIDString = 909B06FA24930061006AC7ED;
			remoteInfo = Checkers;
		};
/* End PBXContainerItemProxy section */

/* Begin PBXFileReference section */
		909B06FB24930061006AC7ED /* Checkers.app */ = {isa = PBXFileReference; explicitFileType = wrapper.application; includeInIndex = 0; path = Checkers.app; sourceTree = BUILT_PRODUCTS_DIR; };
		909B06FE24930061006AC7ED /* AppDelegate.swift */ = {isa = PBXFileReference; lastKnownFileType = sourcecode.swift; path = AppDelegate.swift; sourceTree = "<group>"; };
		909B070024930061006AC7ED /* GameScene.sks */ = {isa = PBXFileReference; lastKnownFileType = file.sks; path = GameScene.sks; sourceTree = "<group>"; };
		909B070224930061006AC7ED /* Actions.sks */ = {isa = PBXFileReference; lastKnownFileType = file.sks; path = Actions.sks; sourceTree = "<group>"; };
		909B070424930061006AC7ED /* GameScene.swift */ = {isa = PBXFileReference; lastKnownFileType = sourcecode.swift; path = GameScene.swift; sourceTree = "<group>"; };
		909B070624930061006AC7ED /* ViewController.swift */ = {isa = PBXFileReference; lastKnownFileType = sourcecode.swift; path = ViewController.swift; sourceTree = "<group>"; };
		909B070824930069006AC7ED /* Assets.xcassets */ = {isa = PBXFileReference; lastKnownFileType = folder.assetcatalog; path = Assets.xcassets; sourceTree = "<group>"; };
		909B070B24930069006AC7ED /* Base */ = {isa = PBXFileReference; lastKnownFileType = file.storyboard; name = Base; path = Base.lproj/Main.storyboard; sourceTree = "<group>"; };
		909B070D2493006A006AC7ED /* Info.plist */ = {isa = PBXFileReference; lastKnownFileType = text.plist.xml; path = Info.plist; sourceTree = "<group>"; };
		909B070E2493006A006AC7ED /* Checkers.entitlements */ = {isa = PBXFileReference; lastKnownFileType = text.plist.entitlements; path = Checkers.entitlements; sourceTree = "<group>"; };
		909B07132493006A006AC7ED /* CheckersTests.xctest */ = {isa = PBXFileReference; explicitFileType = wrapper.cfbundle; includeInIndex = 0; path = CheckersTests.xctest; sourceTree = BUILT_PRODUCTS_DIR; };
		909B07172493006A006AC7ED /* CheckersTests.swift */ = {isa = PBXFileReference; lastKnownFileType = sourcecode.swift; path = CheckersTests.swift; sourceTree = "<group>"; };
		909B07192493006A006AC7ED /* Info.plist */ = {isa = PBXFileReference; lastKnownFileType = text.plist.xml; path = Info.plist; sourceTree = "<group>"; };
		909B071E2493006A006AC7ED /* CheckersUITests.xctest */ = {isa = PBXFileReference; explicitFileType = wrapper.cfbundle; includeInIndex = 0; path = CheckersUITests.xctest; sourceTree = BUILT_PRODUCTS_DIR; };
		909B07222493006A006AC7ED /* CheckersUITests.swift */ = {isa = PBXFileReference; lastKnownFileType = sourcecode.swift; path = CheckersUITests.swift; sourceTree = "<group>"; };
		909B07242493006A006AC7ED /* Info.plist */ = {isa = PBXFileReference; lastKnownFileType = text.plist.xml; path = Info.plist; sourceTree = "<group>"; };
/* End PBXFileReference section */

/* Begin PBXFrameworksBuildPhase section */
		909B06F824930061006AC7ED /* Frameworks */ = {
			isa = PBXFrameworksBuildPhase;
			buildActionMask = 2147483647;
			files = (
			);
			runOnlyForDeploymentPostprocessing = 0;
		};
		909B07102493006A006AC7ED /* Frameworks */ = {
			isa = PBXFrameworksBuildPhase;
			buildActionMask = 2147483647;
			files = (
			);
			runOnlyForDeploymentPostprocessing = 0;
		};
		909B071B2493006A006AC7ED /* Frameworks */ = {
			isa = PBXFrameworksBuildPhase;
			buildActionMask = 2147483647;
			files = (
			);
			runOnlyForDeploymentPostprocessing = 0;
		};
/* End PBXFrameworksBuildPhase section */

/* Begin PBXGroup section */
		909B06F224930061006AC7ED = {
			isa = PBXGroup;
			children = (
				909B06FD24930061006AC7ED /* Checkers */,
				909B07162493006A006AC7ED /* CheckersTests */,
				909B07212493006A006AC7ED /* CheckersUITests */,
				909B06FC24930061006AC7ED /* Products */,
			);
			sourceTree = "<group>";
		};
		909B06FC24930061006AC7ED /* Products */ = {
			isa = PBXGroup;
			children = (
				909B06FB24930061006AC7ED /* Checkers.app */,
				909B07132493006A006AC7ED /* CheckersTests.xctest */,
				909B071E2493006A006AC7ED /* CheckersUITests.xctest */,
			);
			name = Products;
			sourceTree = "<group>";
		};
		909B06FD24930061006AC7ED /* Checkers */ = {
			isa = PBXGroup;
			children = (
				909B06FE24930061006AC7ED /* AppDelegate.swift */,
				909B070024930061006AC7ED /* GameScene.sks */,
				909B070224930061006AC7ED /* Actions.sks */,
				909B070424930061006AC7ED /* GameScene.swift */,
				909B070624930061006AC7ED /* ViewController.swift */,
				909B070824930069006AC7ED /* Assets.xcassets */,
				909B070A24930069006AC7ED /* Main.storyboard */,
				909B070D2493006A006AC7ED /* Info.plist */,
				909B070E2493006A006AC7ED /* Checkers.entitlements */,
			);
			path = Checkers;
			sourceTree = "<group>";
		};
		909B07162493006A006AC7ED /* CheckersTests */ = {
			isa = PBXGroup;
			children = (
				909B07172493006A006AC7ED /* CheckersTests.swift */,
				909B07192493006A006AC7ED /* Info.plist */,
			);
			path = CheckersTests;
			sourceTree = "<group>";
		};
		909B07212493006A006AC7ED /* CheckersUITests */ = {
			isa = PBXGroup;
			children = (
				909B07222493006A006AC7ED /* CheckersUITests.swift */,
				909B07242493006A006AC7ED /* Info.plist */,
			);
			path = CheckersUITests;
			sourceTree = "<group>";
		};
/* End PBXGroup section */

/* Begin PBXNativeTarget section */
		909B06FA24930061006AC7ED /* Checkers */ = {
			isa = PBXNativeTarget;
			buildConfigurationList = 909B07272493006A006AC7ED /* Build configuration list for PBXNativeTarget "Checkers" */;
			buildPhases = (
				909B06F724930061006AC7ED /* Sources */,
				909B06F824930061006AC7ED /* Frameworks */,
				909B06F924930061006AC7ED /* Resources */,
			);
			buildRules = (
			);
			dependencies = (
			);
			name = Checkers;
			productName = Checkers;
			productReference = 909B06FB24930061006AC7ED /* Checkers.app */;
			productType = "com.apple.product-type.application";
		};
		909B07122493006A006AC7ED /* CheckersTests */ = {
			isa = PBXNativeTarget;
			buildConfigurationList = 909B072A2493006A006AC7ED /* Build configuration list for PBXNativeTarget "CheckersTests" */;
			buildPhases = (
				909B070F2493006A006AC7ED /* Sources */,
				909B07102493006A006AC7ED /* Frameworks */,
				909B07112493006A006AC7ED /* Resources */,
			);
			buildRules = (
			);
			dependencies = (
				909B07152493006A006AC7ED /* PBXTargetDependency */,
			);
			name = CheckersTests;
			productName = CheckersTests;
			productReference = 909B07132493006A006AC7ED /* CheckersTests.xctest */;
			productType = "com.apple.product-type.bundle.unit-test";
		};
		909B071D2493006A006AC7ED /* CheckersUITests */ = {
			isa = PBXNativeTarget;
			buildConfigurationList = 909B072D2493006A006AC7ED /* Build configuration list for PBXNativeTarget "CheckersUITests" */;
			buildPhases = (
				909B071A2493006A006AC7ED /* Sources */,
				909B071B2493006A006AC7ED /* Frameworks */,
				909B071C2493006A006AC7ED /* Resources */,
			);
			buildRules = (
			);
			dependencies = (
				909B07202493006A006AC7ED /* PBXTargetDependency */,
			);
			name = CheckersUITests;
			productName = CheckersUITests;
			productReference = 909B071E2493006A006AC7ED /* CheckersUITests.xctest */;
			productType = "com.apple.product-type.bundle.ui-testing";
		};
/* End PBXNativeTarget section */

/* Begin PBXProject section */
		909B06F324930061006AC7ED /* Project object */ = {
			isa = PBXProject;
			attributes = {
				LastSwiftUpdateCheck = 1140;
				LastUpgradeCheck = 1140;
				ORGANIZATIONNAME = "Michał Domański";
				TargetAttributes = {
					909B06FA24930061006AC7ED = {
						CreatedOnToolsVersion = 11.4;
					};
					909B07122493006A006AC7ED = {
						CreatedOnToolsVersion = 11.4;
						TestTargetID = 909B06FA24930061006AC7ED;
					};
					909B071D2493006A006AC7ED = {
						CreatedOnToolsVersion = 11.4;
						TestTargetID = 909B06FA24930061006AC7ED;
					};
				};
			};
			buildConfigurationList = 909B06F624930061006AC7ED /* Build configuration list for PBXProject "Checkers" */;
			compatibilityVersion = "Xcode 9.3";
			developmentRegion = en;
			hasScannedForEncodings = 0;
			knownRegions = (
				en,
				Base,
			);
			mainGroup = 909B06F224930061006AC7ED;
			productRefGroup = 909B06FC24930061006AC7ED /* Products */;
			projectDirPath = "";
			projectRoot = "";
			targets = (
				909B06FA24930061006AC7ED /* Checkers */,
				909B07122493006A006AC7ED /* CheckersTests */,
				909B071D2493006A006AC7ED /* CheckersUITests */,
			);
		};
/* End PBXProject section */

/* Begin PBXResourcesBuildPhase section */
		909B06F924930061006AC7ED /* Resources */ = {
			isa = PBXResourcesBuildPhase;
			buildActionMask = 2147483647;
			files = (
				909B070124930061006AC7ED /* GameScene.sks in Resources */,
				909B070924930069006AC7ED /* Assets.xcassets in Resources */,
				909B070324930061006AC7ED /* Actions.sks in Resources */,
				909B070C24930069006AC7ED /* Main.storyboard in Resources */,
			);
			runOnlyForDeploymentPostprocessing = 0;
		};
		909B07112493006A006AC7ED /* Resources */ = {
			isa = PBXResourcesBuildPhase;
			buildActionMask = 2147483647;
			files = (
			);
			runOnlyForDeploymentPostprocessing = 0;
		};
		909B071C2493006A006AC7ED /* Resources */ = {
			isa = PBXResourcesBuildPhase;
			buildActionMask = 2147483647;
			files = (
			);
			runOnlyForDeploymentPostprocessing = 0;
		};
/* End PBXResourcesBuildPhase section */

/* Begin PBXSourcesBuildPhase section */
		909B06F724930061006AC7ED /* Sources */ = {
			isa = PBXSourcesBuildPhase;
			buildActionMask = 2147483647;
			files = (
				909B070724930061006AC7ED /* ViewController.swift in Sources */,
				909B070524930061006AC7ED /* GameScene.swift in Sources */,
				909B06FF24930061006AC7ED /* AppDelegate.swift in Sources */,
			);
			runOnlyForDeploymentPostprocessing = 0;
		};
		909B070F2493006A006AC7ED /* Sources */ = {
			isa = PBXSourcesBuildPhase;
			buildActionMask = 2147483647;
			files = (
				909B07182493006A006AC7ED /* CheckersTests.swift in Sources */,
			);
			runOnlyForDeploymentPostprocessing = 0;
		};
		909B071A2493006A006AC7ED /* Sources */ = {
			isa = PBXSourcesBuildPhase;
			buildActionMask = 2147483647;
			files = (
				909B07232493006A006AC7ED /* CheckersUITests.swift in Sources */,
			);
			runOnlyForDeploymentPostprocessing = 0;
		};
/* End PBXSourcesBuildPhase section */

/* Begin PBXTargetDependency section */
		909B07152493006A006AC7ED /* PBXTargetDependency */ = {
			isa = PBXTargetDependency;
			target = 909B06FA24930061006AC7ED /* Checkers */;
			targetProxy = 909B07142493006A006AC7ED /* PBXContainerItemProxy */;
		};
		909B07202493006A006AC7ED /* PBXTargetDependency */ = {
			isa = PBXTargetDependency;
			target = 909B06FA24930061006AC7ED /* Checkers */;
			targetProxy = 909B071F2493006A006AC7ED /* PBXContainerItemProxy */;
		};
/* End PBXTargetDependency section */

/* Begin PBXVariantGroup section */
		909B070A24930069006AC7ED /* Main.storyboard */ = {
			isa = PBXVariantGroup;
			children = (
				909B070B24930069006AC7ED /* Base */,
			);
			name = Main.storyboard;
			sourceTree = "<group>";
		};
/* End PBXVariantGroup section */

/* Begin XCBuildConfiguration section */
		909B07252493006A006AC7ED /* Debug */ = {
			isa = XCBuildConfiguration;
			buildSettings = {
				ALWAYS_SEARCH_USER_PATHS = NO;
				CLANG_ANALYZER_NONNULL = YES;
				CLANG_ANALYZER_NUMBER_OBJECT_CONVERSION = YES_AGGRESSIVE;
				CLANG_CXX_LANGUAGE_STANDARD = "gnu++14";
				CLANG_CXX_LIBRARY = "libc++";
				CLANG_ENABLE_MODULES = YES;
				CLANG_ENABLE_OBJC_ARC = YES;
				CLANG_ENABLE_OBJC_WEAK = YES;
				CLANG_WARN_BLOCK_CAPTURE_AUTORELEASING = YES;
				CLANG_WARN_BOOL_CONVERSION = YES;
				CLANG_WARN_COMMA = YES;
				CLANG_WARN_CONSTANT_CONVERSION = YES;
				CLANG_WARN_DEPRECATED_OBJC_IMPLEMENTATIONS = YES;
				CLANG_WARN_DIRECT_OBJC_ISA_USAGE = YES_ERROR;
				CLANG_WARN_DOCUMENTATION_COMMENTS = YES;
				CLANG_WARN_EMPTY_BODY = YES;
				CLANG_WARN_ENUM_CONVERSION = YES;
				CLANG_WARN_INFINITE_RECURSION = YES;
				CLANG_WARN_INT_CONVERSION = YES;
				CLANG_WARN_NON_LITERAL_NULL_CONVERSION = YES;
				CLANG_WARN_OBJC_IMPLICIT_RETAIN_SELF = YES;
				CLANG_WARN_OBJC_LITERAL_CONVERSION = YES;
				CLANG_WARN_OBJC_ROOT_CLASS = YES_ERROR;
				CLANG_WARN_RANGE_LOOP_ANALYSIS = YES;
				CLANG_WARN_STRICT_PROTOTYPES = YES;
				CLANG_WARN_SUSPICIOUS_MOVE = YES;
				CLANG_WARN_UNGUARDED_AVAILABILITY = YES_AGGRESSIVE;
				CLANG_WARN_UNREACHABLE_CODE = YES;
				CLANG_WARN__DUPLICATE_METHOD_MATCH = YES;
				COPY_PHASE_STRIP = NO;
				DEBUG_INFORMATION_FORMAT = dwarf;
				ENABLE_STRICT_OBJC_MSGSEND = YES;
				ENABLE_TESTABILITY = YES;
				GCC_C_LANGUAGE_STANDARD = gnu11;
				GCC_DYNAMIC_NO_PIC = NO;
				GCC_NO_COMMON_BLOCKS = YES;
				GCC_OPTIMIZATION_LEVEL = 0;
				GCC_PREPROCESSOR_DEFINITIONS = (
					"DEBUG=1",
					"$(inherited)",
				);
				GCC_WARN_64_TO_32_BIT_CONVERSION = YES;
				GCC_WARN_ABOUT_RETURN_TYPE = YES_ERROR;
				GCC_WARN_UNDECLARED_SELECTOR = YES;
				GCC_WARN_UNINITIALIZED_AUTOS = YES_AGGRESSIVE;
				GCC_WARN_UNUSED_FUNCTION = YES;
				GCC_WARN_UNUSED_VARIABLE = YES;
				MACOSX_DEPLOYMENT_TARGET = 10.15;
				MTL_ENABLE_DEBUG_INFO = INCLUDE_SOURCE;
				MTL_FAST_MATH = YES;
				ONLY_ACTIVE_ARCH = YES;
				SDKROOT = macosx;
				SWIFT_ACTIVE_COMPILATION_CONDITIONS = DEBUG;
				SWIFT_OPTIMIZATION_LEVEL = "-Onone";
			};
			name = Debug;
		};
		909B07262493006A006AC7ED /* Release */ = {
			isa = XCBuildConfiguration;
			buildSettings = {
				ALWAYS_SEARCH_USER_PATHS = NO;
				CLANG_ANALYZER_NONNULL = YES;
				CLANG_ANALYZER_NUMBER_OBJECT_CONVERSION = YES_AGGRESSIVE;
				CLANG_CXX_LANGUAGE_STANDARD = "gnu++14";
				CLANG_CXX_LIBRARY = "libc++";
				CLANG_ENABLE_MODULES = YES;
				CLANG_ENABLE_OBJC_ARC = YES;
				CLANG_ENABLE_OBJC_WEAK = YES;
				CLANG_WARN_BLOCK_CAPTURE_AUTORELEASING = YES;
				CLANG_WARN_BOOL_CONVERSION = YES;
				CLANG_WARN_COMMA = YES;
				CLANG_WARN_CONSTANT_CONVERSION = YES;
				CLANG_WARN_DEPRECATED_OBJC_IMPLEMENTATIONS = YES;
				CLANG_WARN_DIRECT_OBJC_ISA_USAGE = YES_ERROR;
				CLANG_WARN_DOCUMENTATION_COMMENTS = YES;
				CLANG_WARN_EMPTY_BODY = YES;
				CLANG_WARN_ENUM_CONVERSION = YES;
				CLANG_WARN_INFINITE_RECURSION = YES;
				CLANG_WARN_INT_CONVERSION = YES;
				CLANG_WARN_NON_LITERAL_NULL_CONVERSION = YES;
				CLANG_WARN_OBJC_IMPLICIT_RETAIN_SELF = YES;
				CLANG_WARN_OBJC_LITERAL_CONVERSION = YES;
				CLANG_WARN_OBJC_ROOT_CLASS = YES_ERROR;
				CLANG_WARN_RANGE_LOOP_ANALYSIS = YES;
				CLANG_WARN_STRICT_PROTOTYPES = YES;
				CLANG_WARN_SUSPICIOUS_MOVE = YES;
				CLANG_WARN_UNGUARDED_AVAILABILITY = YES_AGGRESSIVE;
				CLANG_WARN_UNREACHABLE_CODE = YES;
				CLANG_WARN__DUPLICATE_METHOD_MATCH = YES;
				COPY_PHASE_STRIP = NO;
				DEBUG_INFORMATION_FORMAT = "dwarf-with-dsym";
				ENABLE_NS_ASSERTIONS = NO;
				ENABLE_STRICT_OBJC_MSGSEND = YES;
				GCC_C_LANGUAGE_STANDARD = gnu11;
				GCC_NO_COMMON_BLOCKS = YES;
				GCC_WARN_64_TO_32_BIT_CONVERSION = YES;
				GCC_WARN_ABOUT_RETURN_TYPE = YES_ERROR;
				GCC_WARN_UNDECLARED_SELECTOR = YES;
				GCC_WARN_UNINITIALIZED_AUTOS = YES_AGGRESSIVE;
				GCC_WARN_UNUSED_FUNCTION = YES;
				GCC_WARN_UNUSED_VARIABLE = YES;
				MACOSX_DEPLOYMENT_TARGET = 10.15;
				MTL_ENABLE_DEBUG_INFO = NO;
				MTL_FAST_MATH = YES;
				SDKROOT = macosx;
				SWIFT_COMPILATION_MODE = wholemodule;
				SWIFT_OPTIMIZATION_LEVEL = "-O";
			};
			name = Release;
		};
		909B07282493006A006AC7ED /* Debug */ = {
			isa = XCBuildConfiguration;
			buildSettings = {
				ASSETCATALOG_COMPILER_APPICON_NAME = AppIcon;
				CODE_SIGN_ENTITLEMENTS = Checkers/Checkers.entitlements;
				CODE_SIGN_STYLE = Automatic;
				COMBINE_HIDPI_IMAGES = YES;
				INFOPLIST_FILE = Checkers/Info.plist;
				LD_RUNPATH_SEARCH_PATHS = (
					"$(inherited)",
					"@executable_path/../Frameworks",
				);
				MARKETING_VERSION = 0.1;
				PRODUCT_BUNDLE_IDENTIFIER = "Praca-Inz-ynierska.Checkers";
				PRODUCT_NAME = "$(TARGET_NAME)";
				SWIFT_VERSION = 5.0;
			};
			name = Debug;
		};
		909B07292493006A006AC7ED /* Release */ = {
			isa = XCBuildConfiguration;
			buildSettings = {
				ASSETCATALOG_COMPILER_APPICON_NAME = AppIcon;
				CODE_SIGN_ENTITLEMENTS = Checkers/Checkers.entitlements;
				CODE_SIGN_STYLE = Automatic;
				COMBINE_HIDPI_IMAGES = YES;
				INFOPLIST_FILE = Checkers/Info.plist;
				LD_RUNPATH_SEARCH_PATHS = (
					"$(inherited)",
					"@executable_path/../Frameworks",
				);
				MARKETING_VERSION = 0.1;
				PRODUCT_BUNDLE_IDENTIFIER = "Praca-Inz-ynierska.Checkers";
				PRODUCT_NAME = "$(TARGET_NAME)";
				SWIFT_VERSION = 5.0;
			};
			name = Release;
		};
		909B072B2493006A006AC7ED /* Debug */ = {
			isa = XCBuildConfiguration;
			buildSettings = {
				ALWAYS_EMBED_SWIFT_STANDARD_LIBRARIES = YES;
				BUNDLE_LOADER = "$(TEST_HOST)";
				CODE_SIGN_STYLE = Automatic;
				COMBINE_HIDPI_IMAGES = YES;
				INFOPLIST_FILE = CheckersTests/Info.plist;
				LD_RUNPATH_SEARCH_PATHS = (
					"$(inherited)",
					"@executable_path/../Frameworks",
					"@loader_path/../Frameworks",
				);
				MACOSX_DEPLOYMENT_TARGET = 10.15;
				PRODUCT_BUNDLE_IDENTIFIER = "Praca-Inz-ynierska.CheckersTests";
				PRODUCT_NAME = "$(TARGET_NAME)";
				SWIFT_VERSION = 5.0;
				TEST_HOST = "$(BUILT_PRODUCTS_DIR)/Checkers.app/Contents/MacOS/Checkers";
			};
			name = Debug;
		};
		909B072C2493006A006AC7ED /* Release */ = {
			isa = XCBuildConfiguration;
			buildSettings = {
				ALWAYS_EMBED_SWIFT_STANDARD_LIBRARIES = YES;
				BUNDLE_LOADER = "$(TEST_HOST)";
				CODE_SIGN_STYLE = Automatic;
				COMBINE_HIDPI_IMAGES = YES;
				INFOPLIST_FILE = CheckersTests/Info.plist;
				LD_RUNPATH_SEARCH_PATHS = (
					"$(inherited)",
					"@executable_path/../Frameworks",
					"@loader_path/../Frameworks",
				);
				MACOSX_DEPLOYMENT_TARGET = 10.15;
				PRODUCT_BUNDLE_IDENTIFIER = "Praca-Inz-ynierska.CheckersTests";
				PRODUCT_NAME = "$(TARGET_NAME)";
				SWIFT_VERSION = 5.0;
				TEST_HOST = "$(BUILT_PRODUCTS_DIR)/Checkers.app/Contents/MacOS/Checkers";
			};
			name = Release;
		};
		909B072E2493006A006AC7ED /* Debug */ = {
			isa = XCBuildConfiguration;
			buildSettings = {
				ALWAYS_EMBED_SWIFT_STANDARD_LIBRARIES = YES;
				CODE_SIGN_STYLE = Automatic;
				COMBINE_HIDPI_IMAGES = YES;
				INFOPLIST_FILE = CheckersUITests/Info.plist;
				LD_RUNPATH_SEARCH_PATHS = (
					"$(inherited)",
					"@executable_path/../Frameworks",
					"@loader_path/../Frameworks",
				);
				PRODUCT_BUNDLE_IDENTIFIER = "Praca-Inz-ynierska.CheckersUITests";
				PRODUCT_NAME = "$(TARGET_NAME)";
				SWIFT_VERSION = 5.0;
				TEST_TARGET_NAME = Checkers;
			};
			name = Debug;
		};
		909B072F2493006A006AC7ED /* Release */ = {
			isa = XCBuildConfiguration;
			buildSettings = {
				ALWAYS_EMBED_SWIFT_STANDARD_LIBRARIES = YES;
				CODE_SIGN_STYLE = Automatic;
				COMBINE_HIDPI_IMAGES = YES;
				INFOPLIST_FILE = CheckersUITests/Info.plist;
				LD_RUNPATH_SEARCH_PATHS = (
					"$(inherited)",
					"@executable_path/../Frameworks",
					"@loader_path/../Frameworks",
				);
				PRODUCT_BUNDLE_IDENTIFIER = "Praca-Inz-ynierska.CheckersUITests";
				PRODUCT_NAME = "$(TARGET_NAME)";
				SWIFT_VERSION = 5.0;
				TEST_TARGET_NAME = Checkers;
			};
			name = Release;
		};
/* End XCBuildConfiguration section */

/* Begin XCConfigurationList section */
		909B06F624930061006AC7ED /* Build configuration list for PBXProject "Checkers" */ = {
			isa = XCConfigurationList;
			buildConfigurations = (
				909B07252493006A006AC7ED /* Debug */,
				909B07262493006A006AC7ED /* Release */,
			);
			defaultConfigurationIsVisible = 0;
			defaultConfigurationName = Release;
		};
		909B07272493006A006AC7ED /* Build configuration list for PBXNativeTarget "Checkers" */ = {
			isa = XCConfigurationList;
			buildConfigurations = (
				909B07282493006A006AC7ED /* Debug */,
				909B07292493006A006AC7ED /* Release */,
			);
			defaultConfigurationIsVisible = 0;
			defaultConfigurationName = Release;
		};
		909B072A2493006A006AC7ED /* Build configuration list for PBXNativeTarget "CheckersTests" */ = {
			isa = XCConfigurationList;
			buildConfigurations = (
				909B072B2493006A006AC7ED /* Debug */,
				909B072C2493006A006AC7ED /* Release */,
			);
			defaultConfigurationIsVisible = 0;
			defaultConfigurationName = Release;
		};
		909B072D2493006A006AC7ED /* Build configuration list for PBXNativeTarget "CheckersUITests" */ = {
			isa = XCConfigurationList;
			buildConfigurations = (
				909B072E2493006A006AC7ED /* Debug */,
				909B072F2493006A006AC7ED /* Release */,
			);
			defaultConfigurationIsVisible = 0;
			defaultConfigurationName = Release;
		};
/* End XCConfigurationList section */
	};
	rootObject = 909B06F324930061006AC7ED /* Project object */;
}
